
Microsoft Visual Studio Solution File, Format Version 12.00
# Visual Studio Version 17
VisualStudioVersion = 17.5.33516.290
MinimumVisualStudioVersion = 10.0.40219.1
Project("{FAE04EC0-301F-11D3-BF4B-00C04F79EFBC}") = "OccasAuto", "OccasAuto\OccasAuto.csproj", "{C6F1DBF6-5762-457E-8113-E37B4CF41C7B}"
EndProject
Project("{FAE04EC0-301F-11D3-BF4B-00C04F79EFBC}") = "ConnectionMySQL", "ConnectionMySQL\ConnectionMySQL\ConnectionMySQL.csproj", "{15DA9676-FB3B-4ED1-B19F-174DD57DD15A}"
EndProject
Project("{FAE04EC0-301F-11D3-BF4B-00C04F79EFBC}") = "Serialiser", "Serialiser\Serialiser\Serialiser.csproj", "{A992ADD0-B62F-4061-8E74-E5D7E0321D0A}"
EndProject
Project("{FAE04EC0-301F-11D3-BF4B-00C04F79EFBC}") = "OccasDLL", "OccasDLL\OccasDLL.csproj", "{E7FCAFDD-AB0D-4671-B04C-0405EDF30034}"
EndProject
Global
	GlobalSection(SolutionConfigurationPlatforms) = preSolution
		Debug|Any CPU = Debug|Any CPU
		Release|Any CPU = Release|Any CPU
	EndGlobalSection
	GlobalSection(ProjectConfigurationPlatforms) = postSolution
		{C6F1DBF6-5762-457E-8113-E37B4CF41C7B}.Debug|Any CPU.ActiveCfg = Debug|Any CPU
		{C6F1DBF6-5762-457E-8113-E37B4CF41C7B}.Debug|Any CPU.Build.0 = Debug|Any CPU
		{C6F1DBF6-5762-457E-8113-E37B4CF41C7B}.Release|Any CPU.ActiveCfg = Release|Any CPU
		{C6F1DBF6-5762-457E-8113-E37B4CF41C7B}.Release|Any CPU.Build.0 = Release|Any CPU
		{15DA9676-FB3B-4ED1-B19F-174DD57DD15A}.Debug|Any CPU.ActiveCfg = Debug|Any CPU
		{15DA9676-FB3B-4ED1-B19F-174DD57DD15A}.Debug|Any CPU.Build.0 = Debug|Any CPU
		{15DA9676-FB3B-4ED1-B19F-174DD57DD15A}.Release|Any CPU.ActiveCfg = Release|Any CPU
		{15DA9676-FB3B-4ED1-B19F-174DD57DD15A}.Release|Any CPU.Build.0 = Release|Any CPU
		{A992ADD0-B62F-4061-8E74-E5D7E0321D0A}.Debug|Any CPU.ActiveCfg = Debug|Any CPU
		{A992ADD0-B62F-4061-8E74-E5D7E0321D0A}.Debug|Any CPU.Build.0 = Debug|Any CPU
		{A992ADD0-B62F-4061-8E74-E5D7E0321D0A}.Release|Any CPU.ActiveCfg = Release|Any CPU
		{A992ADD0-B62F-4061-8E74-E5D7E0321D0A}.Release|Any CPU.Build.0 = Release|Any CPU
		{E7FCAFDD-AB0D-4671-B04C-0405EDF30034}.Debug|Any CPU.ActiveCfg = Debug|Any CPU
		{E7FCAFDD-AB0D-4671-B04C-0405EDF30034}.Debug|Any CPU.Build.0 = Debug|Any CPU
		{E7FCAFDD-AB0D-4671-B04C-0405EDF30034}.Release|Any CPU.ActiveCfg = Release|Any CPU
		{E7FCAFDD-AB0D-4671-B04C-0405EDF30034}.Release|Any CPU.Build.0 = Release|Any CPU
	EndGlobalSection
	GlobalSection(SolutionProperties) = preSolution
		HideSolutionNode = FALSE
	EndGlobalSection
	GlobalSection(ExtensibilityGlobals) = postSolution
		SolutionGuid = {23C1A270-54F6-48CE-BC79-FA371F907AEE}
	EndGlobalSection
EndGlobal
